
Microsoft Visual Studio Solution File, Format Version 12.00
# Visual Studio 14
VisualStudioVersion = 14.0.25420.1
MinimumVisualStudioVersion = 10.0.40219.1
Project("{FAE04EC0-301F-11D3-BF4B-00C04F79EFBC}") = "MathMagician", "MathMagician.csproj", "{CFDAE680-95DC-4819-8970-18921E89881C}"
EndProject
Project("{FAE04EC0-301F-11D3-BF4B-00C04F79EFBC}") = "MathMagicianTests", "..\MathMagicianTests\MathMagicianTests.csproj", "{15DB6C63-A48E-4F30-BF19-CC8AD3E381F7}"
EndProject
Global
	GlobalSection(SolutionConfigurationPlatforms) = preSolution
		Debug|Any CPU = Debug|Any CPU
		Release|Any CPU = Release|Any CPU
	EndGlobalSection
	GlobalSection(ProjectConfigurationPlatforms) = postSolution
		{CFDAE680-95DC-4819-8970-18921E89881C}.Debug|Any CPU.ActiveCfg = Debug|Any CPU
		{CFDAE680-95DC-4819-8970-18921E89881C}.Debug|Any CPU.Build.0 = Debug|Any CPU
		{CFDAE680-95DC-4819-8970-18921E89881C}.Release|Any CPU.ActiveCfg = Release|Any CPU
		{CFDAE680-95DC-4819-8970-18921E89881C}.Release|Any CPU.Build.0 = Release|Any CPU
		{15DB6C63-A48E-4F30-BF19-CC8AD3E381F7}.Debug|Any CPU.ActiveCfg = Debug|Any CPU
		{15DB6C63-A48E-4F30-BF19-CC8AD3E381F7}.Debug|Any CPU.Build.0 = Debug|Any CPU
		{15DB6C63-A48E-4F30-BF19-CC8AD3E381F7}.Release|Any CPU.ActiveCfg = Release|Any CPU
		{15DB6C63-A48E-4F30-BF19-CC8AD3E381F7}.Release|Any CPU.Build.0 = Release|Any CPU
	EndGlobalSection
	GlobalSection(SolutionProperties) = preSolution
		HideSolutionNode = FALSE
	EndGlobalSection
EndGlobal
